
Microsoft Visual Studio Solution File, Format Version 12.00
# Visual Studio Version 17
VisualStudioVersion = 17.2.32519.379
MinimumVisualStudioVersion = 10.0.40219.1
Project("{FAE04EC0-301F-11D3-BF4B-00C04F79EFBC}") = "Practika", "Practika\Practika.csproj", "{0605883B-4AC4-4F27-9F3E-E45AD42E4BAE}"
EndProject
Global
	GlobalSection(SolutionConfigurationPlatforms) = preSolution
		Debug|Any CPU = Debug|Any CPU
		Release|Any CPU = Release|Any CPU
	EndGlobalSection
	GlobalSection(ProjectConfigurationPlatforms) = postSolution
		{0605883B-4AC4-4F27-9F3E-E45AD42E4BAE}.Debug|Any CPU.ActiveCfg = Debug|Any CPU
		{0605883B-4AC4-4F27-9F3E-E45AD42E4BAE}.Debug|Any CPU.Build.0 = Debug|Any CPU
		{0605883B-4AC4-4F27-9F3E-E45AD42E4BAE}.Release|Any CPU.ActiveCfg = Release|Any CPU
		{0605883B-4AC4-4F27-9F3E-E45AD42E4BAE}.Release|Any CPU.Build.0 = Release|Any CPU
	EndGlobalSection
	GlobalSection(SolutionProperties) = preSolution
		HideSolutionNode = FALSE
	EndGlobalSection
	GlobalSection(ExtensibilityGlobals) = postSolution
		SolutionGuid = {65BC6F6E-2AED-48D8-B54B-01B78E7403AD}
	EndGlobalSection
EndGlobal
